{
  "name": "lavas-cnode",
  "version": "1.0.0",
  "lockfileVersion": 1,
  "requires": true,
  "dependencies": {
    "codemirror": {
      "version": "5.30.0",
      "resolved": "http://registry.npm.taobao.org/codemirror/download/codemirror-5.30.0.tgz",
      "integrity": "sha1-huV91epVNay8+ccgeXtM7+BbWnA="
    },
    "codemirror-spell-checker": {
      "version": "1.1.2",
      "resolved": "http://registry.npm.taobao.org/codemirror-spell-checker/download/codemirror-spell-checker-1.1.2.tgz",
      "integrity": "sha1-HGYPkIlIPMtRE7m6nKGcP0mTNx4=",
      "requires": {
        "typo-js": "1.0.3"
      }
    },
    "highlight.js": {
      "version": "9.12.0",
      "resolved": "http://registry.npm.taobao.org/highlight.js/download/highlight.js-9.12.0.tgz",
      "integrity": "sha1-5tnb5Xy+/mB1HwKvM2GVhwyQwB4="
    },
    "highlight.js-async-webpack": {
      "version": "1.0.4",
      "resolved": "http://registry.npm.taobao.org/highlight.js-async-webpack/download/highlight.js-async-webpack-1.0.4.tgz",
      "integrity": "sha1-wGtnv5nwSQRdYrdW5YVbCRLsYWw="
    },
    "marked": {
      "version": "0.3.6",
      "resolved": "http://registry.npm.taobao.org/marked/download/marked-0.3.6.tgz",
      "integrity": "sha1-ssbGGPzOzk74bE/Gy4p8v1rtqNc="
    },
    "mavon-editor": {
      "version": "2.2.6",
      "resolved": "http://registry.npm.taobao.org/mavon-editor/download/mavon-editor-2.2.6.tgz",
      "integrity": "sha1-B5eW209msKPuoGEirORnFfNj4z8=",
      "requires": {
        "highlight.js": "9.12.0",
        "highlight.js-async-webpack": "1.0.4"
      }
    },
    "simplemde": {
      "version": "1.11.2",
      "resolved": "http://registry.npm.taobao.org/simplemde/download/simplemde-1.11.2.tgz",
      "integrity": "sha1-ojo12XjSxA7wfewAjJLwcNjggOM=",
      "requires": {
        "codemirror": "5.30.0",
        "codemirror-spell-checker": "1.1.2",
        "marked": "0.3.6"
      }
    },
    "typo-js": {
      "version": "1.0.3",
      "resolved": "http://registry.npm.taobao.org/typo-js/download/typo-js-1.0.3.tgz",
      "integrity": "sha1-VNjrx5SfGngQkItgAsaEFSbJnVo="
    },
    "vue-simplemde": {
      "version": "0.4.4",
      "resolved": "http://registry.npm.taobao.org/vue-simplemde/download/vue-simplemde-0.4.4.tgz",
      "integrity": "sha1-iKuc7rm/HC/9jgKXi50GRoqhSdc=",
      "requires": {
        "simplemde": "1.11.2"
      }
    }
  }
}
